[[package]]
name = "aiofile"
version = "3.8.8"
description = "Asynchronous file operations."
category = "main"
optional = false
python-versions = ">=3.7, <4"

[package.dependencies]
caio = ">=0.9.0,<0.10.0"

[package.extras]
develop = ["aiomisc-pytest", "pytest", "pytest-rst", "pytest-cov", "coveralls"]

[[package]]
name = "annotated-types"
version = "0.6.0"
description = "Reusable constraint types to use with typing.Annotated"
category = "main"
optional = false
python-versions = ">=3.8"

[[package]]
name = "anyio"
version = "4.3.0"
description = "High level compatibility layer for multiple asynchronous event loop implementations"
category = "main"
optional = false
python-versions = ">=3.8"

[package.dependencies]
exceptiongroup = {version = ">=1.0.2", markers = "python_version < \"3.11\""}
idna = ">=2.8"
sniffio = ">=1.1"
typing-extensions = {version = ">=4.1", markers = "python_version < \"3.11\""}

[package.extras]
doc = ["packaging", "Sphinx (>=7)", "sphinx-rtd-theme", "sphinx-autodoc-typehints (>=1.2.0)"]
test = ["anyio", "coverage[toml] (>=7)", "exceptiongroup (>=1.2.0)", "hypothesis (>=4.0)", "psutil (>=5.9)", "pytest (>=7.0)", "pytest-mock (>=3.6.1)", "trustme", "uvloop (>=0.17)"]
trio = ["trio (>=0.23)"]

[[package]]
name = "caio"
version = "0.9.13"
description = "Asynchronous file IO for Linux MacOS or Windows."
category = "main"
optional = false
python-versions = ">=3.7, <4"

[package.extras]
develop = ["aiomisc-pytest", "pytest", "pytest-cov"]

[[package]]
name = "certifi"
version = "2024.2.2"
description = "Python package for providing Mozilla's CA Bundle."
category = "main"
optional = false
python-versions = ">=3.6"

[[package]]
name = "click"
version = "8.1.7"
description = "Composable command line interface toolkit"
category = "main"
optional = false
python-versions = ">=3.7"

[package.dependencies]
colorama = {version = "*", markers = "platform_system == \"Windows\""}

[[package]]
name = "colorama"
version = "0.4.6"
description = "Cross-platform colored terminal text."
category = "main"
optional = false
python-versions = "!=3.0.*,!=3.1.*,!=3.2.*,!=3.3.*,!=3.4.*,!=3.5.*,!=3.6.*,>=2.7"

[[package]]
name = "elastic-transport"
version = "8.12.0"
description = "Transport classes and utilities shared among Python Elastic client libraries"
category = "main"
optional = false
python-versions = ">=3.7"

[package.dependencies]
certifi = "*"
urllib3 = ">=1.26.2,<3"

[package.extras]
develop = ["pytest", "pytest-cov", "pytest-mock", "pytest-asyncio", "pytest-httpserver", "trustme", "mock", "requests", "aiohttp", "sphinx (>2)", "furo", "sphinx-autodoc-typehints"]

[[package]]
name = "elasticsearch"
version = "8.12.1"
description = "Python client for Elasticsearch"
category = "main"
optional = false
python-versions = ">=3.7"

[package.dependencies]
elastic-transport = ">=8,<9"

[package.extras]
async = ["aiohttp (>=3,<4)"]
requests = ["requests (>=2.4.0,<3.0.0)"]

[[package]]
name = "elasticsearch-dsl"
version = "8.12.0"
description = "Python client for Elasticsearch"
category = "main"
optional = false
python-versions = ">=3.7"

[package.dependencies]
elasticsearch = ">=8.0.0,<9.0.0"
python-dateutil = "*"

[package.extras]
develop = ["pytest", "pytest-cov", "pytest-mock", "pytz", "coverage", "sphinx (>2)", "sphinx-rtd-theme (>0.5)"]

[[package]]
name = "exceptiongroup"
version = "1.2.0"
description = "Backport of PEP 654 (exception groups)"
category = "main"
optional = false
python-versions = ">=3.7"

[package.extras]
test = ["pytest (>=6)"]

[[package]]
name = "fastapi"
version = "0.110.0"
description = "FastAPI framework, high performance, easy to learn, fast to code, ready for production"
category = "main"
optional = false
python-versions = ">=3.8"

[package.dependencies]
pydantic = ">=1.7.4,<1.8 || >1.8,<1.8.1 || >1.8.1,<2.0.0 || >2.0.0,<2.0.1 || >2.0.1,<2.1.0 || >2.1.0,<3.0.0"
starlette = ">=0.36.3,<0.37.0"
typing-extensions = ">=4.8.0"

[package.extras]
all = ["email-validator (>=2.0.0)", "httpx (>=0.23.0)", "itsdangerous (>=1.1.0)", "jinja2 (>=2.11.2)", "orjson (>=3.2.1)", "pydantic-extra-types (>=2.0.0)", "pydantic-settings (>=2.0.0)", "python-multipart (>=0.0.7)", "pyyaml (>=5.3.1)", "ujson (>=4.0.1,!=4.0.2,!=4.1.0,!=4.2.0,!=4.3.0,!=5.0.0,!=5.1.0)", "uvicorn[standard] (>=0.12.0)"]

[[package]]
name = "h11"
version = "0.14.0"
description = "A pure-Python, bring-your-own-I/O implementation of HTTP/1.1"
category = "main"
optional = false
python-versions = ">=3.7"

[[package]]
name = "idna"
version = "3.6"
description = "Internationalized Domain Names in Applications (IDNA)"
category = "main"
optional = false
python-versions = ">=3.5"

[[package]]
name = "jinja2"
version = "3.1.3"
description = "A very fast and expressive template engine."
category = "main"
optional = false
python-versions = ">=3.7"

[package.dependencies]
MarkupSafe = ">=2.0"

[package.extras]
i18n = ["Babel (>=2.7)"]

[[package]]
name = "loguru"
version = "0.7.2"
description = "Python logging made (stupidly) simple"
category = "main"
optional = false
python-versions = ">=3.5"

[package.dependencies]
colorama = {version = ">=0.3.4", markers = "sys_platform == \"win32\""}
win32-setctime = {version = ">=1.0.0", markers = "sys_platform == \"win32\""}

[package.extras]
dev = ["mypy (==v0.910)", "tox (==3.27.1)", "pytest (==6.1.2)", "pytest-cov (==2.12.1)", "colorama (==0.4.5)", "freezegun (==1.1.0)", "mypy (==v0.971)", "pytest-mypy-plugins (==1.9.3)", "exceptiongroup (==1.1.3)", "mypy (==v1.4.1)", "pre-commit (==3.4.0)", "tox (==4.11.0)", "pytest (==7.4.0)", "pytest-cov (==4.1.0)", "pytest-mypy-plugins (==3.0.0)", "colorama (==0.4.6)", "freezegun (==1.2.2)", "mypy (==v1.5.1)", "Sphinx (==7.2.5)", "sphinx-autobuild (==2021.3.14)", "sphinx-rtd-theme (==1.3.0)"]

[[package]]
name = "markupsafe"
version = "2.1.5"
description = "Safely add untrusted strings to HTML/XML markup."
category = "main"
optional = false
python-versions = ">=3.7"

[[package]]
name = "pydantic"
version = "2.6.4"
description = "Data validation using Python type hints"
category = "main"
optional = false
python-versions = ">=3.8"

[package.dependencies]
annotated-types = ">=0.4.0"
pydantic-core = "2.16.3"
typing-extensions = ">=4.6.1"

[package.extras]
email = ["email-validator (>=2.0.0)"]

[[package]]
name = "pydantic-core"
version = "2.16.3"
description = ""
category = "main"
optional = false
python-versions = ">=3.8"

[package.dependencies]
typing-extensions = ">=4.6.0,<4.7.0 || >4.7.0"

[[package]]
name = "python-dateutil"
version = "2.9.0.post0"
description = "Extensions to the standard Python datetime module"
category = "main"
optional = false
python-versions = "!=3.0.*,!=3.1.*,!=3.2.*,>=2.7"

[package.dependencies]
six = ">=1.5"

[[package]]
name = "python-multipart"
version = "0.0.9"
description = "A streaming multipart parser for Python"
category = "main"
optional = false
python-versions = ">=3.8"

[package.extras]
dev = ["atomicwrites (==1.4.1)", "attrs (==23.2.0)", "coverage (==7.4.1)", "hatch", "invoke (==2.2.0)", "more-itertools (==10.2.0)", "pbr (==6.0.0)", "pluggy (==1.4.0)", "py (==1.11.0)", "pytest-cov (==4.1.0)", "pytest-timeout (==2.2.0)", "pytest (==8.0.0)", "pyyaml (==6.0.1)", "ruff (==0.2.1)"]

[[package]]
name = "six"
version = "1.16.0"
description = "Python 2 and 3 compatibility utilities"
category = "main"
optional = false
python-versions = ">=2.7, !=3.0.*, !=3.1.*, !=3.2.*"

[[package]]
name = "sniffio"
version = "1.3.1"
description = "Sniff out which async library your code is running under"
category = "main"
optional = false
python-versions = ">=3.7"

[[package]]
name = "starlette"
version = "0.36.3"
description = "The little ASGI library that shines."
category = "main"
optional = false
python-versions = ">=3.8"

[package.dependencies]
anyio = ">=3.4.0,<5"

[package.extras]
full = ["httpx (>=0.22.0)", "itsdangerous", "jinja2", "python-multipart (>=0.0.7)", "pyyaml"]

[[package]]
name = "typing-extensions"
version = "4.10.0"
description = "Backported and Experimental Type Hints for Python 3.8+"
category = "main"
optional = false
python-versions = ">=3.8"

[[package]]
name = "urllib3"
version = "2.2.1"
description = "HTTP library with thread-safe connection pooling, file post, and more."
category = "main"
optional = false
python-versions = ">=3.8"

[package.extras]
brotli = ["brotli (>=1.0.9)", "brotlicffi (>=0.8.0)"]
h2 = ["h2 (>=4,<5)"]
socks = ["pysocks (>=1.5.6,!=1.5.7,<2.0)"]
zstd = ["zstandard (>=0.18.0)"]

[[package]]
name = "uvicorn"
version = "0.28.0"
description = "The lightning-fast ASGI server."
category = "main"
optional = false
python-versions = ">=3.8"

[package.dependencies]
click = ">=7.0"
h11 = ">=0.8"
typing-extensions = {version = ">=4.0", markers = "python_version < \"3.11\""}

[package.extras]
standard = ["colorama (>=0.4)", "httptools (>=0.5.0)", "python-dotenv (>=0.13)", "pyyaml (>=5.1)", "uvloop (>=0.14.0,!=0.15.0,!=0.15.1)", "watchfiles (>=0.13)", "websockets (>=10.4)"]

[[package]]
name = "win32-setctime"
version = "1.1.0"
description = "A small Python utility to set file creation time on Windows"
category = "main"
optional = false
python-versions = ">=3.5"

[package.extras]
dev = ["pytest (>=4.6.2)", "black (>=19.3b0)"]

[metadata]
lock-version = "1.1"
python-versions = "^3.10"
content-hash = "eb654f766d66a78e486418720c21165058e53c2d12a6fec5f7490fa929ae5f5d"

[metadata.files]
aiofile = []
annotated-types = []
anyio = []
caio = []
certifi = []
click = []
colorama = []
elastic-transport = []
elasticsearch = []
elasticsearch-dsl = []
exceptiongroup = []
fastapi = []
h11 = []
idna = []
jinja2 = []
loguru = []
markupsafe = []
pydantic = []
pydantic-core = []
python-dateutil = []
python-multipart = []
six = []
sniffio = []
starlette = []
typing-extensions = []
urllib3 = []
uvicorn = []
win32-setctime = []
